
Microsoft Visual Studio Solution File, Format Version 12.00
# Visual Studio 15
VisualStudioVersion = 15.0.27703.2026
MinimumVisualStudioVersion = 10.0.40219.1
Project("{FAE04EC0-301F-11D3-BF4B-00C04F79EFBC}") = "InstagramTools", "InstagramTools\InstagramTools.csproj", "{D813E805-0388-443A-A614-B9713DF1F0F7}"
EndProject
Global
	GlobalSection(SolutionConfigurationPlatforms) = preSolution
		Debug|Any CPU = Debug|Any CPU
		Release|Any CPU = Release|Any CPU
	EndGlobalSection
	GlobalSection(ProjectConfigurationPlatforms) = postSolution
		{D813E805-0388-443A-A614-B9713DF1F0F7}.Debug|Any CPU.ActiveCfg = Debug|Any CPU
		{D813E805-0388-443A-A614-B9713DF1F0F7}.Debug|Any CPU.Build.0 = Debug|Any CPU
		{D813E805-0388-443A-A614-B9713DF1F0F7}.Release|Any CPU.ActiveCfg = Release|Any CPU
		{D813E805-0388-443A-A614-B9713DF1F0F7}.Release|Any CPU.Build.0 = Release|Any CPU
	EndGlobalSection
	GlobalSection(SolutionProperties) = preSolution
		HideSolutionNode = FALSE
	EndGlobalSection
	GlobalSection(ExtensibilityGlobals) = postSolution
		SolutionGuid = {85BB6B65-5B0D-489C-831F-14C952D73264}
	EndGlobalSection
EndGlobal
